
Microsoft Visual Studio Solution File, Format Version 12.00
# Visual Studio 15
VisualStudioVersion = 15.0.28307.329
MinimumVisualStudioVersion = 10.0.40219.1
Project("{FAE04EC0-301F-11D3-BF4B-00C04F79EFBC}") = "Assign4Ng", "Assign4Ng\Assign4Ng.csproj", "{B48062E2-4CD1-4259-B2BB-44E5BE7A4C4F}"
EndProject
Global
	GlobalSection(SolutionConfigurationPlatforms) = preSolution
		Debug|Any CPU = Debug|Any CPU
		Release|Any CPU = Release|Any CPU
	EndGlobalSection
	GlobalSection(ProjectConfigurationPlatforms) = postSolution
		{B48062E2-4CD1-4259-B2BB-44E5BE7A4C4F}.Debug|Any CPU.ActiveCfg = Debug|Any CPU
		{B48062E2-4CD1-4259-B2BB-44E5BE7A4C4F}.Debug|Any CPU.Build.0 = Debug|Any CPU
		{B48062E2-4CD1-4259-B2BB-44E5BE7A4C4F}.Release|Any CPU.ActiveCfg = Release|Any CPU
		{B48062E2-4CD1-4259-B2BB-44E5BE7A4C4F}.Release|Any CPU.Build.0 = Release|Any CPU
	EndGlobalSection
	GlobalSection(SolutionProperties) = preSolution
		HideSolutionNode = FALSE
	EndGlobalSection
	GlobalSection(ExtensibilityGlobals) = postSolution
		SolutionGuid = {0C14C114-DD86-4BBE-9DA8-479C9DFEB81F}
	EndGlobalSection
EndGlobal
