
Microsoft Visual Studio Solution File, Format Version 12.00
# Visual Studio 15
VisualStudioVersion = 15.0.28010.2016
MinimumVisualStudioVersion = 10.0.40219.1
Project("{FAE04EC0-301F-11D3-BF4B-00C04F79EFBC}") = "Assignment3", "Assignment3\Assignment3.csproj", "{8CA6A249-37C9-4E02-B917-75CBA1F5AFA2}"
EndProject
Global
	GlobalSection(SolutionConfigurationPlatforms) = preSolution
		Debug|Any CPU = Debug|Any CPU
		Release|Any CPU = Release|Any CPU
	EndGlobalSection
	GlobalSection(ProjectConfigurationPlatforms) = postSolution
		{8CA6A249-37C9-4E02-B917-75CBA1F5AFA2}.Debug|Any CPU.ActiveCfg = Debug|Any CPU
		{8CA6A249-37C9-4E02-B917-75CBA1F5AFA2}.Debug|Any CPU.Build.0 = Debug|Any CPU
		{8CA6A249-37C9-4E02-B917-75CBA1F5AFA2}.Release|Any CPU.ActiveCfg = Release|Any CPU
		{8CA6A249-37C9-4E02-B917-75CBA1F5AFA2}.Release|Any CPU.Build.0 = Release|Any CPU
	EndGlobalSection
	GlobalSection(SolutionProperties) = preSolution
		HideSolutionNode = FALSE
	EndGlobalSection
	GlobalSection(ExtensibilityGlobals) = postSolution
		SolutionGuid = {868EC157-8EBF-4D2F-A74F-3CFC65BC6B70}
	EndGlobalSection
EndGlobal
